
Microsoft Visual Studio Solution File, Format Version 12.00
# Visual Studio Version 17
VisualStudioVersion = 17.14.36414.22 d17.14
MinimumVisualStudioVersion = 10.0.40219.1
Project("{FAE04EC0-301F-11D3-BF4B-00C04F79EFBC}") = "praktik_5.1-auliya-xpplg1", "praktik_5.1-auliya-xpplg1\praktik_5.1-auliya-xpplg1.csproj", "{53784EEA-C35A-4AC4-BC81-C83EA3B46340}"
EndProject
Global
	GlobalSection(SolutionConfigurationPlatforms) = preSolution
		Debug|Any CPU = Debug|Any CPU
		Release|Any CPU = Release|Any CPU
	EndGlobalSection
	GlobalSection(ProjectConfigurationPlatforms) = postSolution
		{53784EEA-C35A-4AC4-BC81-C83EA3B46340}.Debug|Any CPU.ActiveCfg = Debug|Any CPU
		{53784EEA-C35A-4AC4-BC81-C83EA3B46340}.Debug|Any CPU.Build.0 = Debug|Any CPU
		{53784EEA-C35A-4AC4-BC81-C83EA3B46340}.Release|Any CPU.ActiveCfg = Release|Any CPU
		{53784EEA-C35A-4AC4-BC81-C83EA3B46340}.Release|Any CPU.Build.0 = Release|Any CPU
	EndGlobalSection
	GlobalSection(SolutionProperties) = preSolution
		HideSolutionNode = FALSE
	EndGlobalSection
	GlobalSection(ExtensibilityGlobals) = postSolution
		SolutionGuid = {1BC98D8B-71F9-462A-B1F7-BAA4C02B3C68}
	EndGlobalSection
EndGlobal
