
Microsoft Visual Studio Solution File, Format Version 12.00
# Visual Studio Version 17
VisualStudioVersion = 17.14.36414.22 d17.14
MinimumVisualStudioVersion = 10.0.40219.1
Project("{FAE04EC0-301F-11D3-BF4B-00C04F79EFBC}") = "praktik_5.4_auliya_xpplg1", "praktik_5.4_auliya_xpplg1\praktik_5.4_auliya_xpplg1.csproj", "{C1418064-1D1B-44FE-A664-7414A6BAC525}"
EndProject
Global
	GlobalSection(SolutionConfigurationPlatforms) = preSolution
		Debug|Any CPU = Debug|Any CPU
		Release|Any CPU = Release|Any CPU
	EndGlobalSection
	GlobalSection(ProjectConfigurationPlatforms) = postSolution
		{C1418064-1D1B-44FE-A664-7414A6BAC525}.Debug|Any CPU.ActiveCfg = Debug|Any CPU
		{C1418064-1D1B-44FE-A664-7414A6BAC525}.Debug|Any CPU.Build.0 = Debug|Any CPU
		{C1418064-1D1B-44FE-A664-7414A6BAC525}.Release|Any CPU.ActiveCfg = Release|Any CPU
		{C1418064-1D1B-44FE-A664-7414A6BAC525}.Release|Any CPU.Build.0 = Release|Any CPU
	EndGlobalSection
	GlobalSection(SolutionProperties) = preSolution
		HideSolutionNode = FALSE
	EndGlobalSection
	GlobalSection(ExtensibilityGlobals) = postSolution
		SolutionGuid = {1D374F6D-7F98-4F86-813E-63173BE00460}
	EndGlobalSection
EndGlobal
